
Microsoft Visual Studio Solution File, Format Version 12.00
# Visual Studio Version 16
VisualStudioVersion = 16.0.30804.86
MinimumVisualStudioVersion = 10.0.40219.1
Project("{9A19103F-16F7-4668-BE54-9A1E7A4F7556}") = "Business", "Business\Business.csproj", "{2DE03D3C-184A-4606-B6F1-8A0C470E3369}"
EndProject
Project("{9A19103F-16F7-4668-BE54-9A1E7A4F7556}") = "DataAccess", "DataAccess\DataAccess.csproj", "{D6FC62A6-84F5-483B-9196-0D319F59D2B7}"
EndProject
Project("{9A19103F-16F7-4668-BE54-9A1E7A4F7556}") = "Entities", "Entities\Entities.csproj", "{74D770D0-FE9A-48F7-8D2F-033865C86D5C}"
EndProject
Project("{9A19103F-16F7-4668-BE54-9A1E7A4F7556}") = "ConsoleUI", "ConsoleUI\ConsoleUI.csproj", "{1567FA23-D481-4FD0-ABB8-417A56241FC9}"
EndProject
Project("{9A19103F-16F7-4668-BE54-9A1E7A4F7556}") = "Core", "Core\Core.csproj", "{8AC3F071-24BC-46B8-BAB2-229010A5618C}"
EndProject
Project("{FAE04EC0-301F-11D3-BF4B-00C04F79EFBC}") = "WebAPI", "WebAPI\WebAPI.csproj", "{CC55A0B5-11A4-48AD-A97C-F6064F482482}"
EndProject
Global
	GlobalSection(SolutionConfigurationPlatforms) = preSolution
		Debug|Any CPU = Debug|Any CPU
		Release|Any CPU = Release|Any CPU
	EndGlobalSection
	GlobalSection(ProjectConfigurationPlatforms) = postSolution
		{2DE03D3C-184A-4606-B6F1-8A0C470E3369}.Debug|Any CPU.ActiveCfg = Debug|Any CPU
		{2DE03D3C-184A-4606-B6F1-8A0C470E3369}.Debug|Any CPU.Build.0 = Debug|Any CPU
		{2DE03D3C-184A-4606-B6F1-8A0C470E3369}.Release|Any CPU.ActiveCfg = Release|Any CPU
		{2DE03D3C-184A-4606-B6F1-8A0C470E3369}.Release|Any CPU.Build.0 = Release|Any CPU
		{D6FC62A6-84F5-483B-9196-0D319F59D2B7}.Debug|Any CPU.ActiveCfg = Debug|Any CPU
		{D6FC62A6-84F5-483B-9196-0D319F59D2B7}.Debug|Any CPU.Build.0 = Debug|Any CPU
		{D6FC62A6-84F5-483B-9196-0D319F59D2B7}.Release|Any CPU.ActiveCfg = Release|Any CPU
		{D6FC62A6-84F5-483B-9196-0D319F59D2B7}.Release|Any CPU.Build.0 = Release|Any CPU
		{74D770D0-FE9A-48F7-8D2F-033865C86D5C}.Debug|Any CPU.ActiveCfg = Debug|Any CPU
		{74D770D0-FE9A-48F7-8D2F-033865C86D5C}.Debug|Any CPU.Build.0 = Debug|Any CPU
		{74D770D0-FE9A-48F7-8D2F-033865C86D5C}.Release|Any CPU.ActiveCfg = Release|Any CPU
		{74D770D0-FE9A-48F7-8D2F-033865C86D5C}.Release|Any CPU.Build.0 = Release|Any CPU
		{1567FA23-D481-4FD0-ABB8-417A56241FC9}.Debug|Any CPU.ActiveCfg = Debug|Any CPU
		{1567FA23-D481-4FD0-ABB8-417A56241FC9}.Debug|Any CPU.Build.0 = Debug|Any CPU
		{1567FA23-D481-4FD0-ABB8-417A56241FC9}.Release|Any CPU.ActiveCfg = Release|Any CPU
		{1567FA23-D481-4FD0-ABB8-417A56241FC9}.Release|Any CPU.Build.0 = Release|Any CPU
		{8AC3F071-24BC-46B8-BAB2-229010A5618C}.Debug|Any CPU.ActiveCfg = Debug|Any CPU
		{8AC3F071-24BC-46B8-BAB2-229010A5618C}.Debug|Any CPU.Build.0 = Debug|Any CPU
		{8AC3F071-24BC-46B8-BAB2-229010A5618C}.Release|Any CPU.ActiveCfg = Release|Any CPU
		{8AC3F071-24BC-46B8-BAB2-229010A5618C}.Release|Any CPU.Build.0 = Release|Any CPU
		{CC55A0B5-11A4-48AD-A97C-F6064F482482}.Debug|Any CPU.ActiveCfg = Debug|Any CPU
		{CC55A0B5-11A4-48AD-A97C-F6064F482482}.Debug|Any CPU.Build.0 = Debug|Any CPU
		{CC55A0B5-11A4-48AD-A97C-F6064F482482}.Release|Any CPU.ActiveCfg = Release|Any CPU
		{CC55A0B5-11A4-48AD-A97C-F6064F482482}.Release|Any CPU.Build.0 = Release|Any CPU
	EndGlobalSection
	GlobalSection(SolutionProperties) = preSolution
		HideSolutionNode = FALSE
	EndGlobalSection
	GlobalSection(ExtensibilityGlobals) = postSolution
		SolutionGuid = {78F87E96-EAEC-4F1D-852E-7F47DDF0EF2A}
	EndGlobalSection
EndGlobal
